{
  "version": 4,
  "terraform_version": "1.2.9",
  "serial": 110,
  "lineage": "ce880a41-f536-f572-e744-5e215d62c67b",
  "outputs": {},
  "resources": [
    {
      "mode": "data",
      "type": "vra_catalog_item",
      "name": "this",
      "provider": "provider[\"registry.terraform.io/vmware/vra\"]",
      "instances": [
        {
          "schema_version": 0,
          "attributes": {
            "created_at": null,
            "created_by": "vmeoc@vmware.com",
            "description": "",
            "expand_projects": null,
            "expand_versions": true,
            "id": "1af5c629-a9ff-3e98-af78-a9cd47966c72",
            "last_updated_at": null,
            "last_updated_by": "vmeoc@vmware.com",
            "name": "CentOS",
            "project_ids": [
              "bc8a2902-3430-4473-813f-e9d51f11bd1f"
            ],
            "projects": [],
            "schema": "{\"encrypted\":false,\"properties\":{\"VMSize\":{\"default\":\"small\",\"description\":\"choix du cloud de destination\",\"encrypted\":false,\"enum\":[\"small\",\"medium\",\"Big\"],\"type\":\"string\"},\"disknumber\":{\"encrypted\":false,\"maximum\":5,\"minimum\":0,\"type\":\"integer\"}},\"required\":[\"disknumber\"],\"type\":\"object\"}",
            "source_id": "",
            "source_name": "",
            "type": [
              {
                "description": "",
                "id": "com.vmw.blueprint",
                "name": "VMware Cloud Templates",
                "version": ""
              }
            ],
            "versions": [
              {
                "created_at": "2020-06-16T11:50:49.066Z",
                "description": "",
                "id": "1"
              },
              {
                "created_at": "2020-08-05T09:07:37.780Z",
                "description": "",
                "id": "2"
              },
              {
                "created_at": "2021-09-24T13:01:01.393Z",
                "description": "",
                "id": "3"
              },
              {
                "created_at": "2021-09-24T13:19:29.747Z",
                "description": "",
                "id": "4"
              },
              {
                "created_at": "2021-09-24T13:30:38.528Z",
                "description": "",
                "id": "5"
              },
              {
                "created_at": "2021-09-24T13:33:24.402Z",
                "description": "",
                "id": "6"
              },
              {
                "created_at": "2021-11-22T15:59:08.954Z",
                "description": "",
                "id": "7"
              },
              {
                "created_at": "2022-09-23T09:31:24.426Z",
                "description": "testing disk",
                "id": "8"
              }
            ]
          },
          "sensitive_attributes": []
        }
      ]
    },
    {
      "mode": "data",
      "type": "vra_project",
      "name": "this",
      "provider": "provider[\"registry.terraform.io/vmware/vra\"]",
      "instances": [
        {
          "schema_version": 0,
          "attributes": {
            "administrators": [
              "hamadeh@vmware.com",
              "johnsonryan@vmware.com",
              "tsugliani@vmware.com",
              "vincent.meoc@gmail.com"
            ],
            "constraints": [],
            "description": "",
            "id": "bc8a2902-3430-4473-813f-e9d51f11bd1f",
            "machine_naming_template": "vracloud-vince.${###}",
            "members": [
              "deanl@vmware.com",
              "duddukurir@vmware.com",
              "lewischristo@vmware.com",
              "shaunavmw@gmail.com"
            ],
            "name": "Sandbox",
            "operation_timeout": 0,
            "shared_resources": true,
            "viewers": [],
            "zone_assignments": [
              {
                "cpu_limit": 0,
                "max_instances": 0,
                "memory_limit_mb": 0,
                "priority": 0,
                "storage_limit_gb": 0,
                "zone_id": "6e4fff1f-e98a-4146-b909-2fa5b9c413f3"
              },
              {
                "cpu_limit": 0,
                "max_instances": 0,
                "memory_limit_mb": 0,
                "priority": 0,
                "storage_limit_gb": 0,
                "zone_id": "8955c2b4bfa12c75580951510a8a8"
              },
              {
                "cpu_limit": 0,
                "max_instances": 0,
                "memory_limit_mb": 0,
                "priority": 0,
                "storage_limit_gb": 0,
                "zone_id": "0381f469-bf07-4844-b542-2f0271b7c272"
              },
              {
                "cpu_limit": 0,
                "max_instances": 0,
                "memory_limit_mb": 0,
                "priority": 0,
                "storage_limit_gb": 0,
                "zone_id": "bdd5841a-40bb-4f5d-b3ec-dd12da06f06e"
              },
              {
                "cpu_limit": 0,
                "max_instances": 0,
                "memory_limit_mb": 0,
                "priority": 0,
                "storage_limit_gb": 0,
                "zone_id": "45eb36b8-1d26-4442-8640-77390d12b0c4"
              },
              {
                "cpu_limit": 0,
                "max_instances": 0,
                "memory_limit_mb": 0,
                "priority": 0,
                "storage_limit_gb": 0,
                "zone_id": "fe46ef95-6043-4ccc-ba22-b7067353b72b"
              }
            ]
          },
          "sensitive_attributes": []
        }
      ]
    },
    {
      "mode": "managed",
      "type": "vra_deployment",
      "name": "tfdeploymentExample",
      "provider": "provider[\"registry.terraform.io/vmware/vra\"]",
      "instances": [
        {
          "schema_version": 0,
          "attributes": {
            "blueprint_content": null,
            "blueprint_id": "ae7d7922-7eee-467a-bbc9-4392c7645065",
            "blueprint_version": "8",
            "catalog_item_id": "1af5c629-a9ff-3e98-af78-a9cd47966c72",
            "catalog_item_version": "8",
            "created_at": null,
            "created_by": "vmeoc@vmware.com",
            "description": "Deployed from vRA provider for Terraform.",
            "expand_last_request": null,
            "expand_project": null,
            "expand_resources": null,
            "expense": [],
            "id": "0b113b1c-9883-4c0e-9499-7f62d261b3fd",
            "inputs": {
              "VMSize": "medium",
              "disknumber": "1"
            },
            "inputs_including_defaults": {
              "VMSize": "medium",
              "disknumber": "1"
            },
            "last_request": [
              {
                "action_id": "",
                "approved_at": "0001-01-01T00:00:00.000Z",
                "blueprint_id": "ae7d7922-7eee-467a-bbc9-4392c7645065:8",
                "cancelable": false,
                "catalog_item_id": "1af5c629-a9ff-3e98-af78-a9cd47966c72:8",
                "completed_at": "0001-01-01T00:00:00.000Z",
                "completed_tasks": 5,
                "created_at": "2022-09-23T09:58:54.484Z",
                "details": "",
                "dismissed": false,
                "id": "870986e2-f156-4e74-b216-be297ce3b7ac",
                "initialized_at": "0001-01-01T00:00:00.000Z",
                "inputs": {
                  "VMSize": "medium",
                  "disknumber": "1"
                },
                "name": "Update",
                "outputs": {},
                "requested_by": "vmeoc@vmware.com",
                "resource_name": "",
                "status": "SUCCESSFUL",
                "total_tasks": 5,
                "updated_at": "2022-09-23T09:59:43.249Z"
              }
            ],
            "last_updated_at": null,
            "last_updated_by": "vmeoc@vmware.com",
            "lease_expire_at": null,
            "name": "Terraform Deployment Example",
            "org_id": "054bff01-c63e-4cb3-9490-6074486e4027",
            "owner": "vmeoc@vmware.com",
            "project": [],
            "project_id": "bc8a2902-3430-4473-813f-e9d51f11bd1f",
            "resources": [
              {
                "created_at": "2022-09-23T09:48:29.263Z",
                "depends_on": [
                  "Cloud_vSphere_Disk_1[0]",
                  "Cloud_Network_1"
                ],
                "description": "",
                "expense": [],
                "id": "60448ec0-2408-4b6e-8160-78d357f582d9",
                "name": "Cloud_Machine_1",
                "properties_json": "{\"account\":\"vcsa.cpod-vrealize.az-fkd.cloud-garage.net\",\"accounts\":[\"vcsa.cpod-vrealize.az-fkd.cloud-garage.net\"],\"address\":\"10.11.10.204\",\"attachedDisks\":[{\"source\":\"/resources/disks/fe38c6b8-d170-4ee9-adc7-85edd70dcdce\"}],\"cloneFromImage\":\"Template_centos7.6_on_vsan\",\"componentType\":\"Cloud.vSphere.Machine\",\"computeHostRef\":\"ClusterComputeResource:domain-c8\",\"computeHostType\":\"ClusterComputeResource\",\"coreCount\":\"1\",\"cpuCount\":2,\"customizationSpec\":\"Linux\",\"datacenter\":\"Datacenter:datacenter-3\",\"datastoreName\":\"vsanDatastore\",\"endpointId\":\"5fb02d16-09ef-4507-ba9f-cc43c3070515\",\"endpointType\":\"vsphere\",\"environmentName\":\"On premise\",\"externalId\":\"5031414a-3bfd-bca3-485d-b7744eafacbc\",\"flavor\":\"medium\",\"flavorMappingName\":\"medium\",\"hostName\":\"test-Maif-07\",\"id\":\"/resources/compute/60448ec0-2408-4b6e-8160-78d357f582d9\",\"image\":\"CentosV7\",\"instanceUUID\":\"5031414a-3bfd-bca3-485d-b7744eafacbc\",\"isSimulate\":\"false\",\"memoryGB\":\"2\",\"moref\":\"VirtualMachine:vm-12281\",\"name\":\"Tito Front End\",\"networks\":[{\"address\":\"10.11.10.204\",\"assignment\":\"static\",\"deviceIndex\":0,\"dns\":[\"172.17.1.1\"],\"dnsSearchDomains\":[\"cpod-vrealize.az-fkd.cloud-garage.net\"],\"domain\":\"cpod-vrealize.az-fkd.cloud-garage.net\",\"external_id\":\"c893e107-604b-42f3-ac44-a63616e57e9b\",\"gateway\":\"10.11.10.1\",\"gateways\":\"10.11.10.1\",\"id\":\"/resources/network-interfaces/0f35df98-4bae-42e5-a1f0-712c17fb3f86\",\"ipv6Addresses\":[\"fe80::250:56ff:feb1:d1eb\"],\"mac_address\":\"00:50:56:b1:d1:eb\",\"name\":\"NSX-External\",\"netmask\":\"255.255.255.0\",\"network\":\"/provisioning/resources/compute-networks/7b1a6096-ef81-47c5-bd8b-66fcb8937b8f\",\"resourceName\":\"NSX-External\"}],\"osType\":\"LINUX\",\"powerState\":\"ON\",\"primaryMAC\":\"00:50:56:b1:d1:eb\",\"project\":\"bc8a2902-3430-4473-813f-e9d51f11bd1f\",\"providerId\":\"5031414a-3bfd-bca3-485d-b7744eafacbc\",\"region\":\"cPod-VREALIZE\",\"resourceDescLink\":\"/resources/compute-descriptions/d701587c-7da0-4801-a6b2-915b28b98e49\",\"resourceId\":\"60448ec0-2408-4b6e-8160-78d357f582d9\",\"resourceLink\":\"/resources/compute/60448ec0-2408-4b6e-8160-78d357f582d9\",\"resourceName\":\"test-Maif-07\",\"resourcePool\":\"/resources/pools/c3aafd019c299a75-7f703c5265a63d87\",\"softwareName\":\"CentOS 7 (64-bit)\",\"storage\":{\"disks\":[{\"bootOrder\":1,\"capacityGb\":40,\"controllerKey\":\"1000\",\"controllerUnitNumber\":\"0\",\"diskPlacementRef\":\"Datastore:datastore-1057\",\"encrypted\":false,\"endpointType\":\"vsphere\",\"existingResource\":\"false\",\"independent\":\"false\",\"limitIops\":\"-1\",\"name\":\"test-Maif-07-boot-disk\",\"persistent\":false,\"provisioningType\":\"thin\",\"resourceLink\":\"/resources/disks/9817329a-7428-44bf-b4a1-0d6c7181ed2c\",\"shares\":\"1000\",\"sharesLevel\":\"normal\",\"type\":\"HDD\",\"vcUuid\":\"e52fc130-7552-4be5-9225-111a7af603a3\",\"vm\":\"VirtualMachine:vm-12281\"},{\"capacityGb\":0,\"controllerKey\":\"15000\",\"controllerUnitNumber\":\"0\",\"encrypted\":false,\"endpointType\":\"vsphere\",\"existingResource\":\"false\",\"name\":\"CD/DVD drive 1\",\"persistent\":false,\"resourceLink\":\"/resources/disks/87a5fec2-2d16-4577-9792-edefcd98bcd6\",\"type\":\"CDROM\",\"vcUuid\":\"e52fc130-7552-4be5-9225-111a7af603a3\",\"vm\":\"VirtualMachine:vm-12281\"},{\"_clusterAllocationSize\":\"1\",\"capacityGb\":1,\"controllerKey\":\"1000\",\"controllerUnitNumber\":\"1\",\"count\":\"1\",\"encrypted\":false,\"endpointType\":\"vsphere\",\"existingResource\":\"false\",\"independent\":\"false\",\"isSimulate\":\"false\",\"limitIops\":\"-1\",\"name\":\"Cloud_vSphere_Disk_1-mcm306-212320384782\",\"persistent\":false,\"provisioningType\":\"thin\",\"resourceLink\":\"/resources/disks/fe38c6b8-d170-4ee9-adc7-85edd70dcdce\",\"shares\":\"1000\",\"sharesLevel\":\"normal\",\"type\":\"HDD\",\"vcUuid\":\"e52fc130-7552-4be5-9225-111a7af603a3\",\"vm\":\"VirtualMachine:vm-12281\"}]},\"tags\":[],\"totalMemoryMB\":2048,\"vcUuid\":\"e52fc130-7552-4be5-9225-111a7af603a3\",\"vmFolderPath\":\"[vsanDatastore] 12812d63-147f-232a-106c-00505686c421\",\"zone\":\"Cluster\",\"zone_overlapping_migrated\":\"true\"}",
                "state": "OK",
                "sync_status": "SUCCESS",
                "type": "Cloud.Machine"
              },
              {
                "created_at": "2022-09-23T09:48:26.292Z",
                "depends_on": [],
                "description": "",
                "expense": [],
                "id": "7b1a6096-ef81-47c5-bd8b-66fcb8937b8f",
                "name": "Cloud_Network_1",
                "properties_json": "{\"account\":\"nsx.cpod-vrealize.az-fkd.cloud-garage.net\",\"accounts\":[],\"computeGatewayId\":\"5a1e351b-5b85-4ff4-9fb1-408ab905604b\",\"constraints\":[{\"tag\":\"cpod:cpod-vr\"}],\"dns\":[\"172.17.1.1\"],\"dnsSearchDomains\":[\"cpod-vrealize.az-fkd.cloud-garage.net\"],\"domain\":\"cpod-vrealize.az-fkd.cloud-garage.net\",\"endpointId\":\"c2a9a496-4797-44ae-9bd9-27a647d51859\",\"endpointType\":\"nsxt\",\"externalId\":\"c17b758d-153c-45c8-8279-aaae51c04deb\",\"gateway\":\"10.11.10.1\",\"id\":\"/provisioning/resources/compute-networks/7b1a6096-ef81-47c5-bd8b-66fcb8937b8f\",\"isSimulate\":\"false\",\"name\":\"Cloud_Network_1\",\"netmask\":\"255.255.255.0\",\"networkCidr\":\"10.11.10.0/24\",\"networkType\":\"existing\",\"path\":\"/infra/segments/NSX-External\",\"prefixLength\":\"24\",\"providerId\":\"c17b758d-153c-45c8-8279-aaae51c04deb\",\"region\":\"global\",\"resourceDescLink\":\"/provisioning/resources/compute-network-descriptions/65356535-d850-462d-940d-16b995a379f0\",\"resourceId\":\"7b1a6096-ef81-47c5-bd8b-66fcb8937b8f\",\"resourceLink\":\"/provisioning/resources/compute-networks/7b1a6096-ef81-47c5-bd8b-66fcb8937b8f\",\"resourceName\":\"NSX-External\"}",
                "state": "OK",
                "sync_status": "SUCCESS",
                "type": "Cloud.Network"
              },
              {
                "created_at": "2022-09-23T09:53:05.506Z",
                "depends_on": [],
                "description": "",
                "expense": [],
                "id": "fe38c6b8-d170-4ee9-adc7-85edd70dcdce",
                "name": "Cloud_vSphere_Disk_1[0]",
                "properties_json": "{\"_clusterAllocationSize\":\"1\",\"account\":\"vcsa.cpod-vrealize.az-fkd.cloud-garage.net\",\"accounts\":[\"vcsa.cpod-vrealize.az-fkd.cloud-garage.net\"],\"capacityGb\":1,\"componentType\":\"Cloud.vSphere.Disk\",\"count\":\"1\",\"encrypted\":false,\"endpointId\":\"5fb02d16-09ef-4507-ba9f-cc43c3070515\",\"endpointType\":\"vsphere\",\"externalId\":\"1480-2001\",\"id\":\"/resources/disks/fe38c6b8-d170-4ee9-adc7-85edd70dcdce\",\"independent\":\"false\",\"isSimulate\":\"false\",\"limitIops\":\"-1\",\"name\":\"Cloud_vSphere_Disk_1\",\"persistent\":false,\"providerId\":\"1480-2001\",\"provisioningType\":\"thin\",\"region\":\"Datacenter:datacenter-3\",\"resourceDescLink\":\"/resources/disks/ddbdf29f-6bb9-4a35-b152-89633fc9d65d\",\"resourceId\":\"fe38c6b8-d170-4ee9-adc7-85edd70dcdce\",\"resourceLink\":\"/resources/disks/fe38c6b8-d170-4ee9-adc7-85edd70dcdce\",\"resourceName\":\"Cloud_vSphere_Disk_1-mcm306-212320384782\",\"shares\":\"1000\",\"sharesLevel\":\"normal\",\"status\":\"ATTACHED\",\"tags\":[],\"type\":\"HDD\",\"vcUuid\":\"e52fc130-7552-4be5-9225-111a7af603a3\",\"vm\":\"VirtualMachine:vm-12281\"}",
                "state": "OK",
                "sync_status": "SUCCESS",
                "type": "Cloud.vSphere.Disk"
              }
            ],
            "status": "UPDATE_SUCCESSFUL",
            "timeouts": {
              "create": "30m",
              "delete": "30m",
              "update": "30m"
            }
          },
          "sensitive_attributes": [],
          "private": "eyJlMmJmYjczMC1lY2FhLTExZTYtOGY4OC0zNDM2M2JjN2M0YzAiOnsiY3JlYXRlIjoxODAwMDAwMDAwMDAwLCJkZWxldGUiOjE4MDAwMDAwMDAwMDAsInVwZGF0ZSI6MTgwMDAwMDAwMDAwMH19",
          "dependencies": [
            "data.vra_catalog_item.this",
            "data.vra_project.this"
          ]
        }
      ]
    }
  ]
}
