{
  "version": 4,
  "terraform_version": "1.1.6",
  "serial": 24,
  "lineage": "827d3c3c-5adf-2986-f5a8-0448c3a48225",
  "outputs": {
    "kubernetes_cluster_host": {
      "value": "35.228.66.236",
      "type": "string"
    },
    "kubernetes_cluster_name": {
      "value": "vra-tf-gke-gke",
      "type": "string"
    },
    "project_id": {
      "value": "vra-tf-gke",
      "type": "string"
    },
    "region": {
      "value": "europe-north1",
      "type": "string"
    }
  },
  "resources": [
    {
      "mode": "managed",
      "type": "google_compute_network",
      "name": "vpc",
      "provider": "provider[\"registry.terraform.io/hashicorp/google\"]",
      "instances": [
        {
          "schema_version": 0,
          "attributes": {
            "auto_create_subnetworks": false,
            "delete_default_routes_on_create": false,
            "description": "",
            "gateway_ipv4": "",
            "id": "projects/vra-tf-gke/global/networks/vra-tf-gke-vpc",
            "mtu": 0,
            "name": "vra-tf-gke-vpc",
            "project": "vra-tf-gke",
            "routing_mode": "REGIONAL",
            "self_link": "https://www.googleapis.com/compute/v1/projects/vra-tf-gke/global/networks/vra-tf-gke-vpc",
            "timeouts": null
          },
          "sensitive_attributes": [],
          "private": "eyJlMmJmYjczMC1lY2FhLTExZTYtOGY4OC0zNDM2M2JjN2M0YzAiOnsiY3JlYXRlIjoyNDAwMDAwMDAwMDAsImRlbGV0ZSI6MjQwMDAwMDAwMDAwLCJ1cGRhdGUiOjI0MDAwMDAwMDAwMH19"
        }
      ]
    },
    {
      "mode": "managed",
      "type": "google_compute_subnetwork",
      "name": "subnet",
      "provider": "provider[\"registry.terraform.io/hashicorp/google\"]",
      "instances": [
        {
          "schema_version": 0,
          "attributes": {
            "creation_timestamp": "2022-06-14T12:51:30.571-07:00",
            "description": "",
            "fingerprint": null,
            "gateway_address": "10.10.0.1",
            "id": "projects/vra-tf-gke/regions/europe-north1/subnetworks/vra-tf-gke-subnet",
            "ip_cidr_range": "10.10.0.0/24",
            "log_config": [],
            "name": "vra-tf-gke-subnet",
            "network": "https://www.googleapis.com/compute/v1/projects/vra-tf-gke/global/networks/vra-tf-gke-vpc",
            "private_ip_google_access": false,
            "private_ipv6_google_access": "DISABLE_GOOGLE_ACCESS",
            "project": "vra-tf-gke",
            "region": "europe-north1",
            "secondary_ip_range": [],
            "self_link": "https://www.googleapis.com/compute/v1/projects/vra-tf-gke/regions/europe-north1/subnetworks/vra-tf-gke-subnet",
            "timeouts": null
          },
          "sensitive_attributes": [],
          "private": "eyJlMmJmYjczMC1lY2FhLTExZTYtOGY4OC0zNDM2M2JjN2M0YzAiOnsiY3JlYXRlIjozNjAwMDAwMDAwMDAsImRlbGV0ZSI6MzYwMDAwMDAwMDAwLCJ1cGRhdGUiOjM2MDAwMDAwMDAwMH19",
          "dependencies": [
            "google_compute_network.vpc"
          ]
        }
      ]
    },
    {
      "mode": "managed",
      "type": "google_container_cluster",
      "name": "primary",
      "provider": "provider[\"registry.terraform.io/hashicorp/google\"]",
      "instances": [
        {
          "schema_version": 1,
          "attributes": {
            "addons_config": [
              {
                "cloudrun_config": [],
                "horizontal_pod_autoscaling": [],
                "http_load_balancing": [],
                "network_policy_config": [
                  {
                    "disabled": true
                  }
                ]
              }
            ],
            "authenticator_groups_config": [],
            "cluster_autoscaling": [
              {
                "auto_provisioning_defaults": [],
                "enabled": false,
                "resource_limits": []
              }
            ],
            "cluster_ipv4_cidr": "10.144.0.0/14",
            "database_encryption": [
              {
                "key_name": "",
                "state": "DECRYPTED"
              }
            ],
            "default_max_pods_per_node": 110,
            "description": "",
            "enable_binary_authorization": false,
            "enable_intranode_visibility": null,
            "enable_kubernetes_alpha": false,
            "enable_legacy_abac": false,
            "enable_shielded_nodes": false,
            "enable_tpu": null,
            "endpoint": "35.228.66.236",
            "id": "projects/vra-tf-gke/locations/europe-north1/clusters/vra-tf-gke-gke",
            "initial_node_count": 1,
            "instance_group_urls": [],
            "ip_allocation_policy": [
              {
                "cluster_ipv4_cidr_block": "10.144.0.0/14",
                "cluster_secondary_range_name": "gke-vra-tf-gke-gke-pods-23f9099c",
                "services_ipv4_cidr_block": "10.148.0.0/20",
                "services_secondary_range_name": "gke-vra-tf-gke-gke-services-23f9099c"
              }
            ],
            "label_fingerprint": "a9dc16a7",
            "location": "europe-north1",
            "logging_service": "logging.googleapis.com/kubernetes",
            "maintenance_policy": [],
            "master_auth": [
              {
                "client_certificate": "",
                "client_certificate_config": [
                  {
                    "issue_client_certificate": false
                  }
                ],
                "client_key": "",
                "cluster_ca_certificate": "LS0tLS1CRUdJTiBDRVJUSUZJQ0FURS0tLS0tCk1JSUVMRENDQXBTZ0F3SUJBZ0lRUTBkUHlrNDhMdjcyUzRycS9Fb0JCVEFOQmdrcWhraUc5dzBCQVFzRkFEQXYKTVMwd0t3WURWUVFERXlRME9URXdOMlExTUMwMk16UXpMVFJpTVdVdE9UVTFZeTFtWkdZd1lqYzJOakF3T1RVdwpJQmNOTWpJd05qRTBNVGcxTnpNeldoZ1BNakExTWpBMk1EWXhPVFUzTXpOYU1DOHhMVEFyQmdOVkJBTVRKRFE1Ck1UQTNaRFV3TFRZek5ETXROR0l4WlMwNU5UVmpMV1prWmpCaU56WTJNREE1TlRDQ0FhSXdEUVlKS29aSWh2Y04KQVFFQkJRQURnZ0dQQURDQ0FZb0NnZ0dCQUxxbERpcm5BS083MWhBODVBT01vVCs0ZzNRMnB4WVVWNW1JbHNCNwp5b0tSQWloR25MZVpIQitYOEQyQ1VEY1FxZ2xsbTdNZThWWEVOeW9kcUhtemRneWUrQWM2N1U0V2kySkZINkdECmVvYi9PV1JLM0NjSDdVRUlwRDY3MFBNZSs2ejl1aGtzZldBT1JQOFhwYXoyUjJPZGNHMVFYTkRkUDg0MGFnQXYKeTZIcHhBeUREM2lJNDhSZmlkL2psUndMRi9SbDNXMXhOdUlPSk1WK1E5VjhySmtpYkNPMXY5a1BZZVUwYjllWApUN0R3ZUQxT0EwSW9mUkN1dTM0MzVEV3ptclFSZVBUVHBSNUo1YWsraUtEYWc4YWtKZmRPV2s0VlBJdllQMzlSCnEySWJvWXA3WGN4Mkc4TGZLaGhFd1Vua0Q4c0ZYSzZuZTMrSE9iVXpyZTQ5MER5TzlISEdyQnhSbUk1c01GSzkKTTRXZmQ1ZDBBN0hVSW9DYkg5R3RFNkk2Wk5GcG9FSHZYNHlaL3hUV3cvV3B2ay93QXFwOFFEdHJVTlNwYUNDWAp4QWU0RGhYbW9qUnFVQzBNcmVNcFFsRm9sTUVEdzNtZ1VOMTBnS0hFbEdsTVZoRnRUTy9MVVZUbGVEdFBTNGFUCnhDUnBWQU5VSGlBeW4rMnBDRXJ3U3NXL0tRSURBUUFCbzBJd1FEQU9CZ05WSFE4QkFmOEVCQU1DQWdRd0R3WUQKVlIwVEFRSC9CQVV3QXdFQi96QWRCZ05WSFE0RUZnUVVkK3d1T01FUU5mYXFLbTE4ZkJmQ3BTdHRFbEV3RFFZSgpLb1pJaHZjTkFRRUxCUUFEZ2dHQkFKVnhmQzlBd0lmRzdFcnE5SDFFSElqVVRNNXZrK0t6SGp5TnNCYzFZaE04Cmt6QmZyZWVaaVY2SnhhTDJ2ZGtoc0Z1dXR6WDJvMlNCcGVDVkp1cVpsWFNqZHNlZUVvRzVpWWlUbU9tZjh1d1EKakJXUTFSVGtzY1JaclFERDl6RWFJbU1FckR1ZUhCY3lXVExDU0p6MS9jWVNPT0QwYTkrZm5waUt2KzBIYlRzUgpDTGlxVm5xdDl3MWpjUml2a0ZtaDBzaE16amx6aG11ZHFwTXp5YjlGRnJvLzFqUUpHeXQ2OWFXUzIweW9tcndwCmZlTnBVdHJmSU8zZ2xtNW5sU1FzK2VDN3I3ZVduSWVvSWUvejNxU3B2VmR5MXpCM3BLVnkwRHRaZW9XUCs0ZTMKY2V5ZEo5QVBYOFF5eVUvS2lEUm1iVGNrUDhTL2Zud3lnMnBVS0Z1MGJOalg1a21mVnZmcGpXampNMWlRdnhkTwpvYWxEdUZJWEpUWUphU0dHK0JXYksyY0FQSlpERC9qVHhWY3FtWU9VaTRXSFNhODh4NkNWUENDYmV4ZG81YjRjClVrVDltNFZzQmVoMFZja0pSdFFUdjdiWk5iRXR5cVlRVEFra211d3pwVCtKSlFBTVF2ZC9VL1dUeDRpakRKVCsKVFRKK3FnTVpGREhXQXJUQkUyc25UQT09Ci0tLS0tRU5EIENFUlRJRklDQVRFLS0tLS0K",
                "password": "",
                "username": ""
              }
            ],
            "master_authorized_networks_config": [],
            "master_version": "1.22.8-gke.202",
            "min_master_version": null,
            "monitoring_service": "monitoring.googleapis.com/kubernetes",
            "name": "vra-tf-gke-gke",
            "network": "projects/vra-tf-gke/global/networks/vra-tf-gke-vpc",
            "network_policy": [
              {
                "enabled": false,
                "provider": "PROVIDER_UNSPECIFIED"
              }
            ],
            "node_config": [],
            "node_locations": [
              "europe-north1-a",
              "europe-north1-b",
              "europe-north1-c"
            ],
            "node_pool": [],
            "node_version": "1.22.8-gke.202",
            "operation": null,
            "pod_security_policy_config": [],
            "private_cluster_config": [],
            "project": "vra-tf-gke",
            "release_channel": [
              {
                "channel": "REGULAR"
              }
            ],
            "remove_default_node_pool": true,
            "resource_labels": null,
            "resource_usage_export_config": [],
            "self_link": "https://container.googleapis.com/v1beta1/projects/vra-tf-gke/locations/europe-north1/clusters/vra-tf-gke-gke",
            "services_ipv4_cidr": "10.148.0.0/20",
            "subnetwork": "projects/vra-tf-gke/regions/europe-north1/subnetworks/vra-tf-gke-subnet",
            "timeouts": null,
            "vertical_pod_autoscaling": [],
            "workload_identity_config": []
          },
          "sensitive_attributes": [],
          "private": "eyJlMmJmYjczMC1lY2FhLTExZTYtOGY4OC0zNDM2M2JjN2M0YzAiOnsiY3JlYXRlIjoyNDAwMDAwMDAwMDAwLCJkZWxldGUiOjI0MDAwMDAwMDAwMDAsInJlYWQiOjI0MDAwMDAwMDAwMDAsInVwZGF0ZSI6MzYwMDAwMDAwMDAwMH0sInNjaGVtYV92ZXJzaW9uIjoiMSJ9",
          "dependencies": [
            "google_compute_network.vpc",
            "google_compute_subnetwork.subnet"
          ]
        }
      ]
    }
  ]
}
