{
  "version": 4,
  "terraform_version": "1.1.6",
  "serial": 11,
  "lineage": "827d3c3c-5adf-2986-f5a8-0448c3a48225",
  "outputs": {
    "kubernetes_cluster_host": {
      "value": "34.88.233.88",
      "type": "string"
    },
    "kubernetes_cluster_name": {
      "value": "vra-tf-gke-gke",
      "type": "string"
    },
    "project_id": {
      "value": "vra-tf-gke",
      "type": "string"
    },
    "region": {
      "value": "europe-north1",
      "type": "string"
    }
  },
  "resources": [
    {
      "mode": "managed",
      "type": "google_compute_network",
      "name": "vpc",
      "provider": "provider[\"registry.terraform.io/hashicorp/google\"]",
      "instances": [
        {
          "schema_version": 0,
          "attributes": {
            "auto_create_subnetworks": false,
            "delete_default_routes_on_create": false,
            "description": "",
            "gateway_ipv4": "",
            "id": "projects/vra-tf-gke/global/networks/vra-tf-gke-vpc",
            "mtu": 0,
            "name": "vra-tf-gke-vpc",
            "project": "vra-tf-gke",
            "routing_mode": "REGIONAL",
            "self_link": "https://www.googleapis.com/compute/v1/projects/vra-tf-gke/global/networks/vra-tf-gke-vpc",
            "timeouts": null
          },
          "sensitive_attributes": [],
          "private": "eyJlMmJmYjczMC1lY2FhLTExZTYtOGY4OC0zNDM2M2JjN2M0YzAiOnsiY3JlYXRlIjoyNDAwMDAwMDAwMDAsImRlbGV0ZSI6MjQwMDAwMDAwMDAwLCJ1cGRhdGUiOjI0MDAwMDAwMDAwMH19"
        }
      ]
    },
    {
      "mode": "managed",
      "type": "google_compute_subnetwork",
      "name": "subnet",
      "provider": "provider[\"registry.terraform.io/hashicorp/google\"]",
      "instances": [
        {
          "schema_version": 0,
          "attributes": {
            "creation_timestamp": "2022-06-14T07:14:29.059-07:00",
            "description": "",
            "fingerprint": null,
            "gateway_address": "10.10.0.1",
            "id": "projects/vra-tf-gke/regions/europe-north1/subnetworks/vra-tf-gke-subnet",
            "ip_cidr_range": "10.10.0.0/24",
            "log_config": [],
            "name": "vra-tf-gke-subnet",
            "network": "https://www.googleapis.com/compute/v1/projects/vra-tf-gke/global/networks/vra-tf-gke-vpc",
            "private_ip_google_access": false,
            "private_ipv6_google_access": "DISABLE_GOOGLE_ACCESS",
            "project": "vra-tf-gke",
            "region": "europe-north1",
            "secondary_ip_range": [
              {
                "ip_cidr_range": "10.144.0.0/14",
                "range_name": "gke-vra-tf-gke-gke-pods-8f228531"
              },
              {
                "ip_cidr_range": "10.148.0.0/20",
                "range_name": "gke-vra-tf-gke-gke-services-8f228531"
              }
            ],
            "self_link": "https://www.googleapis.com/compute/v1/projects/vra-tf-gke/regions/europe-north1/subnetworks/vra-tf-gke-subnet",
            "timeouts": null
          },
          "sensitive_attributes": [],
          "private": "eyJlMmJmYjczMC1lY2FhLTExZTYtOGY4OC0zNDM2M2JjN2M0YzAiOnsiY3JlYXRlIjozNjAwMDAwMDAwMDAsImRlbGV0ZSI6MzYwMDAwMDAwMDAwLCJ1cGRhdGUiOjM2MDAwMDAwMDAwMH19",
          "dependencies": [
            "google_compute_network.vpc"
          ]
        }
      ]
    }
  ]
}
