{
  "version": 4,
  "terraform_version": "1.1.6",
  "serial": 8,
  "lineage": "827d3c3c-5adf-2986-f5a8-0448c3a48225",
  "outputs": {
    "kubernetes_cluster_host": {
      "value": "34.88.233.88",
      "type": "string"
    },
    "kubernetes_cluster_name": {
      "value": "vra-tf-gke-gke",
      "type": "string"
    },
    "project_id": {
      "value": "vra-tf-gke",
      "type": "string"
    },
    "region": {
      "value": "europe-north1",
      "type": "string"
    }
  },
  "resources": [
    {
      "mode": "managed",
      "type": "google_compute_network",
      "name": "vpc",
      "provider": "provider[\"registry.terraform.io/hashicorp/google\"]",
      "instances": [
        {
          "schema_version": 0,
          "attributes": {
            "auto_create_subnetworks": false,
            "delete_default_routes_on_create": false,
            "description": "",
            "gateway_ipv4": "",
            "id": "projects/vra-tf-gke/global/networks/vra-tf-gke-vpc",
            "mtu": 0,
            "name": "vra-tf-gke-vpc",
            "project": "vra-tf-gke",
            "routing_mode": "REGIONAL",
            "self_link": "https://www.googleapis.com/compute/v1/projects/vra-tf-gke/global/networks/vra-tf-gke-vpc",
            "timeouts": null
          },
          "sensitive_attributes": [],
          "private": "eyJlMmJmYjczMC1lY2FhLTExZTYtOGY4OC0zNDM2M2JjN2M0YzAiOnsiY3JlYXRlIjoyNDAwMDAwMDAwMDAsImRlbGV0ZSI6MjQwMDAwMDAwMDAwLCJ1cGRhdGUiOjI0MDAwMDAwMDAwMH19"
        }
      ]
    },
    {
      "mode": "managed",
      "type": "google_compute_subnetwork",
      "name": "subnet",
      "provider": "provider[\"registry.terraform.io/hashicorp/google\"]",
      "instances": [
        {
          "schema_version": 0,
          "attributes": {
            "creation_timestamp": "2022-06-14T07:14:29.059-07:00",
            "description": "",
            "fingerprint": null,
            "gateway_address": "10.10.0.1",
            "id": "projects/vra-tf-gke/regions/europe-north1/subnetworks/vra-tf-gke-subnet",
            "ip_cidr_range": "10.10.0.0/24",
            "log_config": [],
            "name": "vra-tf-gke-subnet",
            "network": "https://www.googleapis.com/compute/v1/projects/vra-tf-gke/global/networks/vra-tf-gke-vpc",
            "private_ip_google_access": false,
            "private_ipv6_google_access": "DISABLE_GOOGLE_ACCESS",
            "project": "vra-tf-gke",
            "region": "europe-north1",
            "secondary_ip_range": [],
            "self_link": "https://www.googleapis.com/compute/v1/projects/vra-tf-gke/regions/europe-north1/subnetworks/vra-tf-gke-subnet",
            "timeouts": null
          },
          "sensitive_attributes": [],
          "private": "eyJlMmJmYjczMC1lY2FhLTExZTYtOGY4OC0zNDM2M2JjN2M0YzAiOnsiY3JlYXRlIjozNjAwMDAwMDAwMDAsImRlbGV0ZSI6MzYwMDAwMDAwMDAwLCJ1cGRhdGUiOjM2MDAwMDAwMDAwMH19",
          "dependencies": [
            "google_compute_network.vpc"
          ]
        }
      ]
    },
    {
      "mode": "managed",
      "type": "google_container_cluster",
      "name": "primary",
      "provider": "provider[\"registry.terraform.io/hashicorp/google\"]",
      "instances": [
        {
          "schema_version": 1,
          "attributes": {
            "addons_config": [
              {
                "cloudrun_config": [],
                "horizontal_pod_autoscaling": [],
                "http_load_balancing": [],
                "network_policy_config": [
                  {
                    "disabled": true
                  }
                ]
              }
            ],
            "authenticator_groups_config": [],
            "cluster_autoscaling": [
              {
                "auto_provisioning_defaults": [],
                "enabled": false,
                "resource_limits": []
              }
            ],
            "cluster_ipv4_cidr": "10.144.0.0/14",
            "database_encryption": [
              {
                "key_name": "",
                "state": "DECRYPTED"
              }
            ],
            "default_max_pods_per_node": 110,
            "description": "",
            "enable_binary_authorization": false,
            "enable_intranode_visibility": null,
            "enable_kubernetes_alpha": false,
            "enable_legacy_abac": false,
            "enable_shielded_nodes": false,
            "enable_tpu": null,
            "endpoint": "34.88.233.88",
            "id": "projects/vra-tf-gke/locations/europe-north1/clusters/vra-tf-gke-gke",
            "initial_node_count": 1,
            "instance_group_urls": [],
            "ip_allocation_policy": [
              {
                "cluster_ipv4_cidr_block": "10.144.0.0/14",
                "cluster_secondary_range_name": "gke-vra-tf-gke-gke-pods-8f228531",
                "services_ipv4_cidr_block": "10.148.0.0/20",
                "services_secondary_range_name": "gke-vra-tf-gke-gke-services-8f228531"
              }
            ],
            "label_fingerprint": "a9dc16a7",
            "location": "europe-north1",
            "logging_service": "logging.googleapis.com/kubernetes",
            "maintenance_policy": [],
            "master_auth": [
              {
                "client_certificate": "",
                "client_certificate_config": [
                  {
                    "issue_client_certificate": false
                  }
                ],
                "client_key": "",
                "cluster_ca_certificate": "LS0tLS1CRUdJTiBDRVJUSUZJQ0FURS0tLS0tCk1JSUVMRENDQXBTZ0F3SUJBZ0lRWG8yaVZlNGhzUExRdlkyd0hMUDdlekFOQmdrcWhraUc5dzBCQVFzRkFEQXYKTVMwd0t3WURWUVFERXlSbE4yTmtOak01T0MwMVltWTVMVFExT1RrdFlUQmlNQzB5TjJabVpUSm1OekE0TlRNdwpJQmNOTWpJd05qRTBNVE15TXpNMVdoZ1BNakExTWpBMk1EWXhOREl6TXpWYU1DOHhMVEFyQmdOVkJBTVRKR1UzClkyUTJNems0TFRWaVpqa3RORFU1T1MxaE1HSXdMVEkzWm1abE1tWTNNRGcxTXpDQ0FhSXdEUVlKS29aSWh2Y04KQVFFQkJRQURnZ0dQQURDQ0FZb0NnZ0dCQUoxK0JnVlVKcjZ3L3dGQ1hKNEZuY3V2YlIvajFzc1dLdGJ1VUpYSQpNODhuKzl3MTdESzE2SVlSZ2JCUXZMbjhRbFkyRXQ2VlRrT0Y5Y1FYT3A3WHhWdGZGNVBtWXcrRFludjVqeTczCmFiZFhoS3BzY2Q0YlJIdVNiRWY5M0REMUpLVGVzNFRCWC9IanBWdnBaa2FXOGtyUGRiaWNsM1dKM1lyYVFWcUwKWTJMVGdyVzk1Slc2T3NZMTNOQ0VlaklhR3RyQmdBQlhQb05FZVU5UENDVGRsWm9ZUmU5enFkOGpBUXRpcWxVbgphMnd4aXJsdWtud0VHek9RU2N2Rmw2YlpodkNnQ1I4REFVNTYwcU5vSmhWS3AyM0pXaHNYVHpvOXlYR2ZYdkVRCjA4ZkpMaHZ3S3EwZE9VYWUrbkNmaWVPc1ZDZlJBTjIxNVBkTFVaK210UFoxZWhhUytWNmdmR3BnQ1dVS2ZObmIKUlZveE1GM3prTFFwcUhNUE1FcmcybFdPMnorM3Zucmg5cktRd3dzaysrM294SUZqeWxKWEdaL2orUFlDVmlqVgp3aDZQV2xqTzNMeVFKWnpLMUVYVEtjUXBWS1BFdVd5M0tLMm5qTmxrb21yQUlBYjFSanpTKzEzcDZNRHpVdktCCm1DeTUwUmVPTm5xUk5FRmNVT2VscjZ6VGV3SURBUUFCbzBJd1FEQU9CZ05WSFE4QkFmOEVCQU1DQWdRd0R3WUQKVlIwVEFRSC9CQVV3QXdFQi96QWRCZ05WSFE0RUZnUVVWTXRCZDRDQlVJZ2pWSTg0NmFXREx0bFU0eVl3RFFZSgpLb1pJaHZjTkFRRUxCUUFEZ2dHQkFKb3plaFlGMmRySUdOalhNRzVQRmpSWFp6cXkwMDQzMVAxZmhBWjJ2ZE9iCm01WWlnSmJTTnIxQkNSYUlqb3Erd0NEMWY1NUYzYXkzYmtRYkdSTzVCWS9LdStlY1pieEpidDF1cHV1SGJTdkoKWEZZQlZVQzNJMG1NUS9sUmNjODlSQmR6M2cxVWRmWlNkaVJzRDduWGl6RGVId2xYQlYwd3FJbEhQZjBIREpCbApxT2FJL1FiRy9EV2pZL05sQXU0djR3cEh1dEpHc0p3M3pITXduRC9vcUFsanh1elBMWTVYUmJsbTVvTUZIZCtGCkxaWUVsYVYzbW9Qd2JsSkRBMHhiV3J5ZDNGRGNJRFhsdFdrZ1pOcnQ0V1M1SDlCSlE4MGJySGZDamJoMW5SOHoKeGpLN3lOa25WQW9qRlRHMnNEa21nZ2l6R1Q5R0VrUkNzMERUVDlkcXNFOGNka05oZmQ0TEJST0FJNWl0YVg2VgpkOU9NNHJ4WU9ReWpBQ0xrbUdhTFJLY1ZIMXJNdm5hdGdIUUlISWlKYlpBN1dHYklQb1NURHBjYUFVSyt5SFRLClNOM0lUTGpjWkI0YW5qcUg5WE51OUpQYUpIcktva2FJbHFjL2o5bzViSVQyRXFVWFd0eEU5MWc1MDBZNldMeDQKeElESVhEYzY3R2FkSkUvb0tac25rUT09Ci0tLS0tRU5EIENFUlRJRklDQVRFLS0tLS0K",
                "password": "",
                "username": ""
              }
            ],
            "master_authorized_networks_config": [],
            "master_version": "1.22.8-gke.202",
            "min_master_version": null,
            "monitoring_service": "monitoring.googleapis.com/kubernetes",
            "name": "vra-tf-gke-gke",
            "network": "projects/vra-tf-gke/global/networks/vra-tf-gke-vpc",
            "network_policy": [
              {
                "enabled": false,
                "provider": "PROVIDER_UNSPECIFIED"
              }
            ],
            "node_config": [],
            "node_locations": [
              "europe-north1-a",
              "europe-north1-b",
              "europe-north1-c"
            ],
            "node_pool": [],
            "node_version": "1.22.8-gke.202",
            "operation": null,
            "pod_security_policy_config": [],
            "private_cluster_config": [],
            "project": "vra-tf-gke",
            "release_channel": [
              {
                "channel": "REGULAR"
              }
            ],
            "remove_default_node_pool": true,
            "resource_labels": null,
            "resource_usage_export_config": [],
            "self_link": "https://container.googleapis.com/v1beta1/projects/vra-tf-gke/locations/europe-north1/clusters/vra-tf-gke-gke",
            "services_ipv4_cidr": "10.148.0.0/20",
            "subnetwork": "projects/vra-tf-gke/regions/europe-north1/subnetworks/vra-tf-gke-subnet",
            "timeouts": null,
            "vertical_pod_autoscaling": [],
            "workload_identity_config": []
          },
          "sensitive_attributes": [],
          "private": "eyJlMmJmYjczMC1lY2FhLTExZTYtOGY4OC0zNDM2M2JjN2M0YzAiOnsiY3JlYXRlIjoyNDAwMDAwMDAwMDAwLCJkZWxldGUiOjI0MDAwMDAwMDAwMDAsInJlYWQiOjI0MDAwMDAwMDAwMDAsInVwZGF0ZSI6MzYwMDAwMDAwMDAwMH0sInNjaGVtYV92ZXJzaW9uIjoiMSJ9",
          "dependencies": [
            "google_compute_network.vpc",
            "google_compute_subnetwork.subnet"
          ]
        }
      ]
    },
    {
      "mode": "managed",
      "type": "google_container_node_pool",
      "name": "primary_nodes",
      "provider": "provider[\"registry.terraform.io/hashicorp/google\"]",
      "instances": [
        {
          "status": "tainted",
          "schema_version": 1,
          "attributes": {
            "autoscaling": [],
            "cluster": "vra-tf-gke-gke",
            "id": "projects/vra-tf-gke/locations/europe-north1/clusters/vra-tf-gke-gke/nodePools/vra-tf-gke-gke-node-pool",
            "initial_node_count": null,
            "instance_group_urls": null,
            "location": "europe-north1",
            "management": null,
            "max_pods_per_node": null,
            "name": "vra-tf-gke-gke-node-pool",
            "name_prefix": null,
            "node_config": [
              {
                "disk_size_gb": 0,
                "disk_type": "",
                "guest_accelerator": [],
                "image_type": "",
                "labels": {
                  "env": "vra-tf-gke"
                },
                "local_ssd_count": 0,
                "machine_type": "n1-standard-1",
                "metadata": {
                  "disable-legacy-endpoints": "true"
                },
                "min_cpu_platform": "",
                "oauth_scopes": [
                  "https://www.googleapis.com/auth/logging.write",
                  "https://www.googleapis.com/auth/monitoring"
                ],
                "preemptible": false,
                "service_account": "",
                "shielded_instance_config": [],
                "tags": [
                  "gke-node",
                  "vra-tf-gke-gke"
                ],
                "taint": [],
                "workload_metadata_config": []
              }
            ],
            "node_count": 2,
            "node_locations": [],
            "project": null,
            "timeouts": null,
            "upgrade_settings": null,
            "version": null
          },
          "sensitive_attributes": [],
          "private": "eyJlMmJmYjczMC1lY2FhLTExZTYtOGY4OC0zNDM2M2JjN2M0YzAiOnsiY3JlYXRlIjoxODAwMDAwMDAwMDAwLCJkZWxldGUiOjE4MDAwMDAwMDAwMDAsInVwZGF0ZSI6MTgwMDAwMDAwMDAwMH0sInNjaGVtYV92ZXJzaW9uIjoiMSJ9",
          "dependencies": [
            "google_compute_network.vpc",
            "google_compute_subnetwork.subnet",
            "google_container_cluster.primary"
          ]
        }
      ]
    }
  ]
}
