{
  "version": 4,
  "terraform_version": "0.12.24",
  "serial": 1,
  "lineage": "da203e5e-39c0-bc8b-6240-aca2d2e68268",
  "outputs": {},
  "resources": [
    {
      "mode": "managed",
      "type": "wavefront_alert",
      "name": "test_alert_by_tf_from_vince",
      "provider": "provider.wavefront",
      "instances": [
        {
          "schema_version": 0,
          "attributes": {
            "additional_information": "This is an Alert",
            "alert_type": "CLASSIC",
            "can_modify": [],
            "can_view": null,
            "condition": "100-ts(\"cpu.usage_idle\", environment=preprod and cpu=cpu-total ) \u003e 80",
            "conditions": null,
            "display_expression": "100-ts(\"cpu.usage_idle\", environment=preprod and cpu=cpu-total )",
            "id": "1595581911629",
            "minutes": 5,
            "name": "High CPU Alert",
            "notification_resend_frequency_minutes": null,
            "resolve_after_minutes": null,
            "severity": "WARN",
            "tags": [
              "cpu.total",
              "env.preprod"
            ],
            "target": null,
            "threshold_targets": null
          },
          "private": "bnVsbA=="
        }
      ]
    }
  ]
}
