{
  "version": 4,
  "terraform_version": "1.0.1",
  "serial": 31,
  "lineage": "46094bfb-9c93-716d-7449-bacefa214404",
  "outputs": {},
  "resources": [
    {
      "mode": "data",
      "type": "vra_cloud_account_vsphere",
      "name": "this",
      "provider": "provider[\"registry.terraform.io/vmware/vra\"]",
      "instances": [
        {
          "schema_version": 0,
          "attributes": {
            "associated_cloud_account_ids": [
              "c2a9a496-4797-44ae-9bd9-27a647d51859"
            ],
            "created_at": "2021-05-14",
            "custom_properties": {
              "acceptSelfSignedCertificate": "false",
              "buildNumber": "16858589",
              "certificate": "-----BEGIN CERTIFICATE-----\nMIIEczCCA1ugAwIBAgIJAPi1HOakd1mJMA0GCSqGSIb3DQEBCwUAMIHJMQswCQYD\nVQQDDAJDQTEdMBsGCgmSJomT8ixkARkWDWNwb2QtdnJlYWxpemUxJzAlBgoJkiaJ\nk/IsZAEZFhdhei1ma2QuY2xvdWQtZ2FyYWdlLm5ldDELMAkGA1UEBhMCVVMxEzAR\nBgNVBAgMCkNhbGlmb3JuaWExMzAxBgNVBAoMKnZjc2EuY3BvZC12cmVhbGl6ZS5h\nei1ma2QuY2xvdWQtZ2FyYWdlLm5ldDEbMBkGA1UECwwSVk13YXJlIEVuZ2luZWVy\naW5nMB4XDTIwMTAxOTIxNDE1OFoXDTIyMTAyMDA5NDE1OFowQjEzMDEGA1UEAwwq\ndmNzYS5jcG9kLXZyZWFsaXplLmF6LWZrZC5jbG91ZC1nYXJhZ2UubmV0MQswCQYD\nVQQGEwJVUzCCASIwDQYJKoZIhvcNAQEBBQADggEPADCCAQoCggEBAJN7JumBDM3W\nqk5SDhyJ4h4iXpCG9wdPcRcENE1Rqojtv3mYdyOLxqQrcYQQV77WhzjjqL0vTUW8\ndkDSi2HvdjlrraMe5Z0u4hh6nBXBzMKuA6kY4e772sQpuP8TV+jvojxGnEYiMuYY\nGOOXelKD0HXKecBTWtNCGCq47Nta+rpGcoqkjIrfW0za7ftdsbMwbAGYoTNQyT9G\nc5JUBfBIKuAIgQVNWXg42lqP4yug0zprYTa8HfSpV6ABvEhiINlanM/gjZciMBjd\nwizp3WSxJG/7Ln6/bc++9eFr/cNhM5SmQid7bYLiL9/jZRSvi4/p6w2lYt+LzVa/\nIF+hA7bWKucCAwEAAaOB4zCB4DALBgNVHQ8EBAMCA6gwNQYDVR0RBC4wLIIqdmNz\nYS5jcG9kLXZyZWFsaXplLmF6LWZrZC5jbG91ZC1nYXJhZ2UubmV0MB0GA1UdDgQW\nBBTmtc3trDxoGOkRsVz7PLo/T3vnzjAfBgNVHSMEGDAWgBRRKfYXBA//rLpoDoBi\n1sRGungtpDBaBggrBgEFBQcBAQROMEwwSgYIKwYBBQUHMAKGPmh0dHBzOi8vdmNz\nYS5jcG9kLXZyZWFsaXplLmF6LWZrZC5jbG91ZC1nYXJhZ2UubmV0L2FmZC92ZWNz\nL2NhMA0GCSqGSIb3DQEBCwUAA4IBAQBcaBmtcds+r/XL2beZSD6yBlIzLf5NU1dn\nkfoWufvUMtGGJPK/yilK/OL40sNsRyTLvOJFUnm6MVxuM11SwdKbCn4eqIhea/G9\n/NglD6ponJ9Wheb5s2DWpdQhQUb3GuLqJ5c2vmDnBtRF+hUJ0RF0GsyKmtFD5PBw\nuQurKuobGWAKgIIUUSYZz13uh4PuKdeY/20AcR41TBL3bkz+b5DscbhAq85tuwep\nlH5MS3aEv5F9ZSH+YkiUovOpdFujftPaM7pe7Ago89WxWrrtlPW6FtpygETBbgXj\npON0S1FNi2NTM8ZNRVrszOEbT6Z/mdElE1LvXIaIVJbenpjrDsiy\n-----END CERTIFICATE-----\n",
              "dcId": "2bf26b4e-93d1-4cac-a4ab-599642058aec",
              "enumerationTaskState": "FINISHED",
              "hostName": "vcsa.cpod-vrealize.az-fkd.cloud-garage.net",
              "imageEnumerationTaskState": "FINISHED",
              "isExternal": "false",
              "lastEnumerationTimestampMicro": "1636725792200000",
              "lastImageEnumerationTimestampMicro": "1636709301017000",
              "lastSuccessfulEnumerationTimestampMicro": "1636725792200000",
              "lastSuccessfulImageEnumerationTimestampMicro": "1636709301017000",
              "privateKeyId": "administrator@cpod-vrealize.az-fkd.cloud-garage.net",
              "vcUuid": "e52fc130-7552-4be5-9225-111a7af603a3",
              "version": "7.0.1"
            },
            "dcid": "2bf26b4e-93d1-4cac-a4ab-599642058aec",
            "description": "",
            "enabled_region_ids": [
              "Datacenter:datacenter-3"
            ],
            "hostname": "vcsa.cpod-vrealize.az-fkd.cloud-garage.net",
            "id": "5fb02d16-09ef-4507-ba9f-cc43c3070515",
            "name": "vcsa.cpod-vrealize.az-fkd.cloud-garage.net",
            "org_id": "054bff01-c63e-4cb3-9490-6074486e4027",
            "owner": "",
            "tags": [],
            "updated_at": "2021-11-12",
            "username": null
          },
          "sensitive_attributes": []
        }
      ]
    },
    {
      "mode": "data",
      "type": "vra_network",
      "name": "this",
      "provider": "provider[\"registry.terraform.io/vmware/vra\"]",
      "instances": [
        {
          "schema_version": 0,
          "attributes": {
            "cidr": "10.11.11.0/24",
            "constraints": null,
            "custom_properties": {},
            "deployment_id": "",
            "description": "",
            "external_id": "OpaqueNetwork:network-o1045",
            "external_zone_id": "",
            "id": "8b170402-abff-4634-b4ad-037e58105ac8",
            "links": [],
            "name": "NSX-External2",
            "organization_id": "054bff01-c63e-4cb3-9490-6074486e4027",
            "outbound_access": null,
            "owner": "",
            "project_id": "",
            "self_link": null,
            "tags": [],
            "updated_at": "2021-05-17"
          },
          "sensitive_attributes": []
        }
      ]
    },
    {
      "mode": "data",
      "type": "vra_project",
      "name": "this",
      "provider": "provider[\"registry.terraform.io/vmware/vra\"]",
      "instances": [
        {
          "schema_version": 0,
          "attributes": {
            "administrators": [
              "hamadeh@vmware.com",
              "tsugliani@vmware.com",
              "vincent.meoc@gmail.com"
            ],
            "constraints": [],
            "description": "",
            "id": "bc8a2902-3430-4473-813f-e9d51f11bd1f",
            "machine_naming_template": "vracloud-vince.${###}",
            "members": [
              "deanl@vmware.com",
              "duddukurir@vmware.com",
              "lewischristo@vmware.com"
            ],
            "name": "Sandbox",
            "operation_timeout": 0,
            "shared_resources": true,
            "viewers": [],
            "zone_assignments": [
              {
                "cpu_limit": 0,
                "max_instances": 0,
                "memory_limit_mb": 0,
                "priority": 0,
                "storage_limit_gb": 0,
                "zone_id": "6e4fff1f-e98a-4146-b909-2fa5b9c413f3"
              }
            ]
          },
          "sensitive_attributes": []
        }
      ]
    },
    {
      "mode": "managed",
      "type": "random_id",
      "name": "id",
      "provider": "provider[\"registry.terraform.io/hashicorp/random\"]",
      "instances": [
        {
          "schema_version": 0,
          "attributes": {
            "b64_std": "H5unJ/4kRp8=",
            "b64_url": "H5unJ_4kRp8",
            "byte_length": 8,
            "dec": "2277597826775271071",
            "hex": "1f9ba727fe24469f",
            "id": "H5unJ_4kRp8",
            "keepers": null,
            "prefix": null
          },
          "sensitive_attributes": [],
          "private": "bnVsbA=="
        }
      ]
    }
  ]
}
