{
  "version": 4,
  "terraform_version": "1.0.1",
  "serial": 44,
  "lineage": "46094bfb-9c93-716d-7449-bacefa214404",
  "outputs": {},
  "resources": [
    {
      "mode": "data",
      "type": "vra_cloud_account_vsphere",
      "name": "this",
      "provider": "provider[\"registry.terraform.io/vmware/vra\"]",
      "instances": [
        {
          "schema_version": 0,
          "attributes": {
            "associated_cloud_account_ids": [
              "c2a9a496-4797-44ae-9bd9-27a647d51859"
            ],
            "created_at": "2021-05-14",
            "custom_properties": {
              "acceptSelfSignedCertificate": "false",
              "buildNumber": "16858589",
              "certificate": "-----BEGIN CERTIFICATE-----\nMIIEczCCA1ugAwIBAgIJAPi1HOakd1mJMA0GCSqGSIb3DQEBCwUAMIHJMQswCQYD\nVQQDDAJDQTEdMBsGCgmSJomT8ixkARkWDWNwb2QtdnJlYWxpemUxJzAlBgoJkiaJ\nk/IsZAEZFhdhei1ma2QuY2xvdWQtZ2FyYWdlLm5ldDELMAkGA1UEBhMCVVMxEzAR\nBgNVBAgMCkNhbGlmb3JuaWExMzAxBgNVBAoMKnZjc2EuY3BvZC12cmVhbGl6ZS5h\nei1ma2QuY2xvdWQtZ2FyYWdlLm5ldDEbMBkGA1UECwwSVk13YXJlIEVuZ2luZWVy\naW5nMB4XDTIwMTAxOTIxNDE1OFoXDTIyMTAyMDA5NDE1OFowQjEzMDEGA1UEAwwq\ndmNzYS5jcG9kLXZyZWFsaXplLmF6LWZrZC5jbG91ZC1nYXJhZ2UubmV0MQswCQYD\nVQQGEwJVUzCCASIwDQYJKoZIhvcNAQEBBQADggEPADCCAQoCggEBAJN7JumBDM3W\nqk5SDhyJ4h4iXpCG9wdPcRcENE1Rqojtv3mYdyOLxqQrcYQQV77WhzjjqL0vTUW8\ndkDSi2HvdjlrraMe5Z0u4hh6nBXBzMKuA6kY4e772sQpuP8TV+jvojxGnEYiMuYY\nGOOXelKD0HXKecBTWtNCGCq47Nta+rpGcoqkjIrfW0za7ftdsbMwbAGYoTNQyT9G\nc5JUBfBIKuAIgQVNWXg42lqP4yug0zprYTa8HfSpV6ABvEhiINlanM/gjZciMBjd\nwizp3WSxJG/7Ln6/bc++9eFr/cNhM5SmQid7bYLiL9/jZRSvi4/p6w2lYt+LzVa/\nIF+hA7bWKucCAwEAAaOB4zCB4DALBgNVHQ8EBAMCA6gwNQYDVR0RBC4wLIIqdmNz\nYS5jcG9kLXZyZWFsaXplLmF6LWZrZC5jbG91ZC1nYXJhZ2UubmV0MB0GA1UdDgQW\nBBTmtc3trDxoGOkRsVz7PLo/T3vnzjAfBgNVHSMEGDAWgBRRKfYXBA//rLpoDoBi\n1sRGungtpDBaBggrBgEFBQcBAQROMEwwSgYIKwYBBQUHMAKGPmh0dHBzOi8vdmNz\nYS5jcG9kLXZyZWFsaXplLmF6LWZrZC5jbG91ZC1nYXJhZ2UubmV0L2FmZC92ZWNz\nL2NhMA0GCSqGSIb3DQEBCwUAA4IBAQBcaBmtcds+r/XL2beZSD6yBlIzLf5NU1dn\nkfoWufvUMtGGJPK/yilK/OL40sNsRyTLvOJFUnm6MVxuM11SwdKbCn4eqIhea/G9\n/NglD6ponJ9Wheb5s2DWpdQhQUb3GuLqJ5c2vmDnBtRF+hUJ0RF0GsyKmtFD5PBw\nuQurKuobGWAKgIIUUSYZz13uh4PuKdeY/20AcR41TBL3bkz+b5DscbhAq85tuwep\nlH5MS3aEv5F9ZSH+YkiUovOpdFujftPaM7pe7Ago89WxWrrtlPW6FtpygETBbgXj\npON0S1FNi2NTM8ZNRVrszOEbT6Z/mdElE1LvXIaIVJbenpjrDsiy\n-----END CERTIFICATE-----\n",
              "dcId": "2bf26b4e-93d1-4cac-a4ab-599642058aec",
              "enumerationTaskState": "STARTED",
              "hostName": "vcsa.cpod-vrealize.az-fkd.cloud-garage.net",
              "imageEnumerationTaskState": "FINISHED",
              "isExternal": "false",
              "lastEnumerationTimestampMicro": "1637003781736001",
              "lastImageEnumerationTimestampMicro": "1636968501781000",
              "lastSuccessfulEnumerationTimestampMicro": "1637003781736001",
              "lastSuccessfulImageEnumerationTimestampMicro": "1636968501781000",
              "privateKeyId": "administrator@cpod-vrealize.az-fkd.cloud-garage.net",
              "vcUuid": "e52fc130-7552-4be5-9225-111a7af603a3",
              "version": "7.0.1"
            },
            "dcid": "2bf26b4e-93d1-4cac-a4ab-599642058aec",
            "description": "",
            "enabled_region_ids": [
              "Datacenter:datacenter-3"
            ],
            "hostname": "vcsa.cpod-vrealize.az-fkd.cloud-garage.net",
            "id": "5fb02d16-09ef-4507-ba9f-cc43c3070515",
            "name": "vcsa.cpod-vrealize.az-fkd.cloud-garage.net",
            "org_id": "054bff01-c63e-4cb3-9490-6074486e4027",
            "owner": "",
            "tags": [],
            "updated_at": "2021-11-15",
            "username": null
          },
          "sensitive_attributes": []
        }
      ]
    },
    {
      "mode": "data",
      "type": "vra_network",
      "name": "this",
      "provider": "provider[\"registry.terraform.io/vmware/vra\"]",
      "instances": [
        {
          "schema_version": 0,
          "attributes": {
            "cidr": "10.11.11.0/24",
            "constraints": null,
            "custom_properties": {},
            "deployment_id": "",
            "description": "",
            "external_id": "NSX-External2",
            "external_zone_id": "",
            "id": "8f309ecc-f0d6-498e-96f1-16a14bf7fc32",
            "links": [],
            "name": "NSX-External2",
            "organization_id": "054bff01-c63e-4cb3-9490-6074486e4027",
            "outbound_access": null,
            "owner": "",
            "project_id": "",
            "self_link": null,
            "tags": [],
            "updated_at": "2021-11-12"
          },
          "sensitive_attributes": []
        }
      ]
    },
    {
      "mode": "data",
      "type": "vra_project",
      "name": "this",
      "provider": "provider[\"registry.terraform.io/vmware/vra\"]",
      "instances": [
        {
          "schema_version": 0,
          "attributes": {
            "administrators": [
              "hamadeh@vmware.com",
              "tsugliani@vmware.com",
              "vincent.meoc@gmail.com"
            ],
            "constraints": [],
            "description": "",
            "id": "bc8a2902-3430-4473-813f-e9d51f11bd1f",
            "machine_naming_template": "vracloud-vince.${###}",
            "members": [
              "deanl@vmware.com",
              "duddukurir@vmware.com",
              "lewischristo@vmware.com"
            ],
            "name": "Sandbox",
            "operation_timeout": 0,
            "shared_resources": true,
            "viewers": [],
            "zone_assignments": [
              {
                "cpu_limit": 0,
                "max_instances": 0,
                "memory_limit_mb": 0,
                "priority": 0,
                "storage_limit_gb": 0,
                "zone_id": "6e4fff1f-e98a-4146-b909-2fa5b9c413f3"
              }
            ]
          },
          "sensitive_attributes": []
        }
      ]
    },
    {
      "mode": "managed",
      "type": "random_id",
      "name": "id",
      "provider": "provider[\"registry.terraform.io/hashicorp/random\"]",
      "instances": [
        {
          "schema_version": 0,
          "attributes": {
            "b64_std": "/gHdUHuHq0I=",
            "b64_url": "_gHdUHuHq0I",
            "byte_length": 8,
            "dec": "18303153698350017346",
            "hex": "fe01dd507b87ab42",
            "id": "_gHdUHuHq0I",
            "keepers": null,
            "prefix": null
          },
          "sensitive_attributes": [],
          "private": "bnVsbA=="
        }
      ]
    },
    {
      "mode": "managed",
      "type": "vra_machine",
      "name": "this",
      "provider": "provider[\"registry.terraform.io/vmware/vra\"]",
      "instances": [
        {
          "schema_version": 0,
          "attributes": {
            "address": "10.11.11.101",
            "boot_config": [
              {
                "content": "#cloud-config\n  users:\n  - default\n  - name: myuser\n    sudo: ['ALL=(ALL) NOPASSWD:ALL']\n    groups: [wheel, sudo, admin]\n    shell: '/bin/bash'\n    ssh-authorized-keys: |\n      ssh-rsa AAAAB3NzaC1yc2EAAAADAQABAAABAQDytVL+Q6/UmGwdnJxKQEozqERHGqxlH/zBbT5W8iNbwgOLF6JWz0o7ThAK/Cf0uPcv78Q6UhOjuRfd2BKBciJx5JsyH4Ly7Ars2v/ZQ492KyZElKRqwibXNWjfZcwKU/6YjDITm15Yh6UWCsvVHg4w72X+TiTxeKDZ0pNt2hcZ5Uje6NvZ4GFKYfl4kNFxBZmBYLFdtq8eNPg3PGREV+pM0xkyXKSAYUsXsgj821AgK/YNByCPY53jNKqXqdFKQXKG7FOs78MdhAF7aGMsVRymY5RtHk9UO0DGzCIHRp9DqmfN9SdIYIf5fb4sEtt8T9uxW32Mx3d9S+vGbmkYoRpY user@example.com\n\n  runcmd:\n    - sudo sed -e 's/.*PasswordAuthentication yes.*/PasswordAuthentication no/' -i /etc/ssh/sshd_config\n    - sudo service sshd restart\n"
              }
            ],
            "constraints": [],
            "created_at": "2021-11-15",
            "custom_properties": {
              "/resources/network-interfaces/769256db-33e1-4c8e-8c62-d4cc60831072": "true",
              "/resources/network-interfaces/769256db-33e1-4c8e-8c62-d4cc60831072-IPAddressLinks": "[\"/resources/ip-addresses/4b9bf3c5-5e98-4c6a-88dd-70bf4fa0fc2c_10.11.11.101\"]",
              "coreCount": "1",
              "cpuCount": "1",
              "customizationSpec": "Linux",
              "datastoreName": "nfsDatastore",
              "flavorMappingName": "small",
              "flavorProfileId": "054bff01-c63e-4cb3-9490-6074486e4027-0a2203e6-5f14-4708-9257-3bdbcf34e700",
              "image": "CentosV7",
              "imageId": "Template_centos7.6",
              "imageProfileId": "054bff01-c63e-4cb3-9490-6074486e4027-0a2203e6-5f14-4708-9257-3bdbcf34e700",
              "instanceUUID": "503187e2-572f-6c43-2c7e-b4d04caafb17",
              "memoryInMB": "1024",
              "osType": "LINUX",
              "project": "bc8a2902-3430-4473-813f-e9d51f11bd1f",
              "softwareName": "CentOS 7 (64-bit)",
              "vcUuid": "e52fc130-7552-4be5-9225-111a7af603a3",
              "zone_overlapping_migrated": "true"
            },
            "deployment_id": "44e336c3-56cd-415f-82df-b036b2ee30f6",
            "description": "terrafrom test machine",
            "disks": [],
            "disks_list": [
              {
                "block_device_id": "62439ef8e68f46755d0d8c875e848",
                "description": "",
                "name": "CD/DVD drive 1"
              },
              {
                "block_device_id": "6864272b-1e78-42b0-9294-2a0243bfd612",
                "description": "",
                "name": "vracloud-vince.221-boot-disk"
              }
            ],
            "external_id": "503187e2-572f-6c43-2c7e-b4d04caafb17",
            "external_region_id": "Datacenter:datacenter-3",
            "external_zone_id": "",
            "flavor": "small",
            "id": "3a821308-9022-4083-a8a7-b692796e095e",
            "image": "CentosV7",
            "image_disk_constraints": [],
            "image_ref": null,
            "links": [
              {
                "href": "",
                "hrefs": [
                  "/iaas/api/cloud-accounts/5fb02d16-09ef-4507-ba9f-cc43c3070515"
                ],
                "rel": "cloud-accounts"
              },
              {
                "href": "",
                "hrefs": [
                  "/iaas/api/machines/3a821308-9022-4083-a8a7-b692796e095e/disks/6864272b-1e78-42b0-9294-2a0243bfd612",
                  "/iaas/api/machines/3a821308-9022-4083-a8a7-b692796e095e/disks/62439ef8e68f46755d0d8c875e848"
                ],
                "rel": "disks"
              },
              {
                "href": "",
                "hrefs": [
                  "/iaas/api/machines/3a821308-9022-4083-a8a7-b692796e095e/network-interfaces/769256db-33e1-4c8e-8c62-d4cc60831072"
                ],
                "rel": "network-interfaces"
              },
              {
                "href": "",
                "hrefs": [
                  "/iaas/api/machines/3a821308-9022-4083-a8a7-b692796e095e/operations/power-off",
                  "/iaas/api/machines/3a821308-9022-4083-a8a7-b692796e095e/operations/shutdown",
                  "/iaas/api/machines/3a821308-9022-4083-a8a7-b692796e095e/operations/reset",
                  "/iaas/api/machines/3a821308-9022-4083-a8a7-b692796e095e/operations/reboot",
                  "/iaas/api/machines/3a821308-9022-4083-a8a7-b692796e095e/operations/snapshots",
                  "/iaas/api/machines/3a821308-9022-4083-a8a7-b692796e095e/operations/resize",
                  "/iaas/api/machines/3a821308-9022-4083-a8a7-b692796e095e/disks",
                  "/iaas/api/machines/3a821308-9022-4083-a8a7-b692796e095e/operations/suspend",
                  "/iaas/api/machines/3a821308-9022-4083-a8a7-b692796e095e/disks/{id}"
                ],
                "rel": "operations"
              },
              {
                "href": "/iaas/api/machines/3a821308-9022-4083-a8a7-b692796e095e",
                "hrefs": [],
                "rel": "self"
              }
            ],
            "name": "vracloud-vince.221",
            "nics": [
              {
                "addresses": [],
                "custom_properties": {
                  "ipAssignmentType": "static"
                },
                "description": "",
                "device_index": null,
                "name": "",
                "network_id": "8f309ecc-f0d6-498e-96f1-16a14bf7fc32",
                "security_group_ids": []
              }
            ],
            "organization_id": "054bff01-c63e-4cb3-9490-6074486e4027",
            "owner": "vmeoc@vmware.com",
            "power_state": "ON",
            "project_id": "bc8a2902-3430-4473-813f-e9d51f11bd1f",
            "tags": [
              {
                "key": "foo",
                "value": "bar"
              }
            ],
            "timeouts": {
              "create": "20m",
              "delete": null,
              "update": null
            },
            "updated_at": "2021-11-15"
          },
          "sensitive_attributes": [],
          "private": "eyJlMmJmYjczMC1lY2FhLTExZTYtOGY4OC0zNDM2M2JjN2M0YzAiOnsiY3JlYXRlIjoxMjAwMDAwMDAwMDAwLCJkZWxldGUiOjYwMDAwMDAwMDAwMCwidXBkYXRlIjo2MDAwMDAwMDAwMDB9fQ==",
          "dependencies": [
            "data.vra_network.this",
            "data.vra_project.this",
            "random_id.id"
          ]
        }
      ]
    }
  ]
}
